
Microsoft Visual Studio Solution File, Format Version 12.00
# Visual Studio Version 17
VisualStudioVersion = 17.6.33927.249
MinimumVisualStudioVersion = 10.0.40219.1
Project("{9A19103F-16F7-4668-BE54-9A1E7A4F7556}") = "GrpcService1", "GrpcService1\GrpcService1.csproj", "{765667D5-7D27-4822-B523-BC6DF1871313}"
EndProject
Project("{9A19103F-16F7-4668-BE54-9A1E7A4F7556}") = "WebApplication1", "WebApplication1\WebApplication1.csproj", "{9631108C-7724-45BC-9050-38BFEC6A55B8}"
EndProject
Global
	GlobalSection(SolutionConfigurationPlatforms) = preSolution
		Debug|Any CPU = Debug|Any CPU
		Release|Any CPU = Release|Any CPU
	EndGlobalSection
	GlobalSection(ProjectConfigurationPlatforms) = postSolution
		{765667D5-7D27-4822-B523-BC6DF1871313}.Debug|Any CPU.ActiveCfg = Debug|Any CPU
		{765667D5-7D27-4822-B523-BC6DF1871313}.Debug|Any CPU.Build.0 = Debug|Any CPU
		{765667D5-7D27-4822-B523-BC6DF1871313}.Release|Any CPU.ActiveCfg = Release|Any CPU
		{765667D5-7D27-4822-B523-BC6DF1871313}.Release|Any CPU.Build.0 = Release|Any CPU
		{9631108C-7724-45BC-9050-38BFEC6A55B8}.Debug|Any CPU.ActiveCfg = Debug|Any CPU
		{9631108C-7724-45BC-9050-38BFEC6A55B8}.Debug|Any CPU.Build.0 = Debug|Any CPU
		{9631108C-7724-45BC-9050-38BFEC6A55B8}.Release|Any CPU.ActiveCfg = Release|Any CPU
		{9631108C-7724-45BC-9050-38BFEC6A55B8}.Release|Any CPU.Build.0 = Release|Any CPU
	EndGlobalSection
	GlobalSection(SolutionProperties) = preSolution
		HideSolutionNode = FALSE
	EndGlobalSection
	GlobalSection(ExtensibilityGlobals) = postSolution
		SolutionGuid = {4C45BC87-AA1B-4A8F-8955-0DCA89FE5CD3}
	EndGlobalSection
EndGlobal
